<?xml version="1.0" encoding="utf-8"?>
<Project ToolsVersion="4.0" xmlns="http://schemas.microsoft.com/developer/msbuild/2003">
  <ItemGroup>
    <Filter Include="Audio">
      <UniqueIdentifier>{49267b8c-bdea-460c-9778-1e89e14f03fd}</UniqueIdentifier>
    </Filter>
    <Filter Include="Core">
      <UniqueIdentifier>{f60e79ba-7cf9-4587-ba0f-480a78bee2c2}</UniqueIdentifier>
    </Filter>
    <Filter Include="Graphics">
      <UniqueIdentifier>{86aab36f-f0ae-45a4-929b-6631e1f11427}</UniqueIdentifier>
    </Filter>
    <Filter Include="Input">
      <UniqueIdentifier>{20cc2ba7-5218-4189-9896-da71b8e5b765}</UniqueIdentifier>
    </Filter>
    <Filter Include="Misc">
      <UniqueIdentifier>{baacc260-06ce-4b96-8260-9325279d37d0}</UniqueIdentifier>
    </Filter>
    <Filter Include="Resource">
      <UniqueIdentifier>{05b3b734-724c-47f0-93b6-8136e2fb31af}</UniqueIdentifier>
    </Filter>
    <Filter Include="Utility">
      <UniqueIdentifier>{8d530118-fead-4121-85a9-473d87767b21}</UniqueIdentifier>
    </Filter>
  </ItemGroup>
  <ItemGroup>
    <ClInclude Include="Input\InputTypes.h">
      <Filter>Input</Filter>
    </ClInclude>
    <ClInclude Include="Misc\Misc.h">
      <Filter>Misc</Filter>
    </ClInclude>
    <ClInclude Include="Utility\Debug.h">
      <Filter>Utility</Filter>
    </ClInclude>
    <ClInclude Include="Utility\Key.h">
      <Filter>Utility</Filter>
    </ClInclude>
    <ClInclude Include="Utility\Random.h">
      <Filter>Utility</Filter>
    </ClInclude>
    <ClInclude Include="SGE.h" />
    <ClInclude Include="SGE_Audio.h" />
    <ClInclude Include="SGE_Graphics.h" />
    <ClInclude Include="SGE_Input.h" />
    <ClInclude Include="SGE_Math.h" />
    <ClInclude Include="SGE_UI.h" />
    <ClInclude Include="Audio\Sound.h">
      <Filter>Audio</Filter>
    </ClInclude>
    <ClInclude Include="Audio\FMODBridge.h">
      <Filter>Audio</Filter>
    </ClInclude>
    <ClInclude Include="Core\Application.h">
      <Filter>Core</Filter>
    </ClInclude>
    <ClInclude Include="Core\Log.h">
      <Filter>Core</Filter>
    </ClInclude>
    <ClInclude Include="Core\Timer.h">
      <Filter>Core</Filter>
    </ClInclude>
    <ClInclude Include="Input\DXInput.h">
      <Filter>Input</Filter>
    </ClInclude>
    <ClInclude Include="Misc\IniFile.h">
      <Filter>Misc</Filter>
    </ClInclude>
    <ClInclude Include="Misc\SplashScreen.h">
      <Filter>Misc</Filter>
    </ClInclude>
    <ClInclude Include="Resource\ResourceSystem.h">
      <Filter>Resource</Filter>
    </ClInclude>
    <ClInclude Include="Audio\AudioSystem.h">
      <Filter>Audio</Filter>
    </ClInclude>
    <ClInclude Include="Core\CoreSystem.h">
      <Filter>Core</Filter>
    </ClInclude>
    <ClInclude Include="Input\InputSystem.h">
      <Filter>Input</Filter>
    </ClInclude>
    <ClInclude Include="Utility\UtilitySystem.h">
      <Filter>Utility</Filter>
    </ClInclude>
    <ClInclude Include="Resource\Resource.h">
      <Filter>Resource</Filter>
    </ClInclude>
    <ClInclude Include="Resource\ResourceManager.h">
      <Filter>Resource</Filter>
    </ClInclude>
    <ClInclude Include="Graphics\DXGraphics.h">
      <Filter>Graphics</Filter>
    </ClInclude>
    <ClInclude Include="Graphics\Font.h">
      <Filter>Graphics</Filter>
    </ClInclude>
    <ClInclude Include="Graphics\RenderSurface.h">
      <Filter>Graphics</Filter>
    </ClInclude>
    <ClInclude Include="Graphics\Shader.h">
      <Filter>Graphics</Filter>
    </ClInclude>
    <ClInclude Include="Graphics\Sprite.h">
      <Filter>Graphics</Filter>
    </ClInclude>
    <ClInclude Include="Graphics\SpriteRenderer.h">
      <Filter>Graphics</Filter>
    </ClInclude>
    <ClInclude Include="Graphics\Texture.h">
      <Filter>Graphics</Filter>
    </ClInclude>
    <ClInclude Include="Graphics\WireFrame.h">
      <Filter>Graphics</Filter>
    </ClInclude>
    <ClInclude Include="Graphics\GraphicsSystem.h">
      <Filter>Graphics</Filter>
    </ClInclude>
    <ClInclude Include="Graphics\PostProcess.h">
      <Filter>Graphics</Filter>
    </ClInclude>
    <ClInclude Include="SGE_Physics.h" />
  </ItemGroup>
  <ItemGroup>
    <ClCompile Include="Utility\Debug.cpp">
      <Filter>Utility</Filter>
    </ClCompile>
    <ClCompile Include="SGE.cpp" />
    <ClCompile Include="SGE_Audio.cpp" />
    <ClCompile Include="SGE_Graphics.cpp" />
    <ClCompile Include="SGE_Math.cpp" />
    <ClCompile Include="SGE_UI.cpp" />
    <ClCompile Include="Audio\Sound.cpp">
      <Filter>Audio</Filter>
    </ClCompile>
    <ClCompile Include="Audio\FMODBridge.cpp">
      <Filter>Audio</Filter>
    </ClCompile>
    <ClCompile Include="Core\Application.cpp">
      <Filter>Core</Filter>
    </ClCompile>
    <ClCompile Include="Core\Log.cpp">
      <Filter>Core</Filter>
    </ClCompile>
    <ClCompile Include="Core\Timer.cpp">
      <Filter>Core</Filter>
    </ClCompile>
    <ClCompile Include="Input\DXInput.cpp">
      <Filter>Input</Filter>
    </ClCompile>
    <ClCompile Include="Misc\IniFile.cpp">
      <Filter>Misc</Filter>
    </ClCompile>
    <ClCompile Include="Misc\SplashScreen.cpp">
      <Filter>Misc</Filter>
    </ClCompile>
    <ClCompile Include="Resource\Resource.cpp">
      <Filter>Resource</Filter>
    </ClCompile>
    <ClCompile Include="Resource\ResourceManager.cpp">
      <Filter>Resource</Filter>
    </ClCompile>
    <ClCompile Include="Graphics\DXGraphics.cpp">
      <Filter>Graphics</Filter>
    </ClCompile>
    <ClCompile Include="Graphics\Font.cpp">
      <Filter>Graphics</Filter>
    </ClCompile>
    <ClCompile Include="Graphics\RenderSurface.cpp">
      <Filter>Graphics</Filter>
    </ClCompile>
    <ClCompile Include="Graphics\Shader.cpp">
      <Filter>Graphics</Filter>
    </ClCompile>
    <ClCompile Include="Graphics\Sprite.cpp">
      <Filter>Graphics</Filter>
    </ClCompile>
    <ClCompile Include="Graphics\SpriteRenderer.cpp">
      <Filter>Graphics</Filter>
    </ClCompile>
    <ClCompile Include="Graphics\Texture.cpp">
      <Filter>Graphics</Filter>
    </ClCompile>
    <ClCompile Include="Graphics\WireFrame.cpp">
      <Filter>Graphics</Filter>
    </ClCompile>
    <ClCompile Include="SGE_Input.cpp" />
    <ClCompile Include="Graphics\PostProcess.cpp">
      <Filter>Graphics</Filter>
    </ClCompile>
    <ClCompile Include="SGE_Physics.cpp" />
  </ItemGroup>
</Project>